PODS:
  - external_app_launcher (0.0.1):
    - Flutter
  - FBAEMKit (14.0.0):
    - FBSDKCoreKit_Basics (= 14.0.0)
  - FBSDKCoreKit (14.0.0):
    - FBAEMKit (= 14.0.0)
    - FBSDKCoreKit_Basics (= 14.0.0)
  - FBSDKCoreKit_Basics (14.0.0)
  - FBSDKLoginKit (14.0.0):
    - FBSDKCoreKit (= 14.0.0)
  - FBSDKShareKit (14.0.0):
    - FBSDKCoreKit (= 14.0.0)
  - Flutter (1.0.0)
  - flutter_inappwebview (0.0.1):
    - Flutter
    - flutter_inappwebview/Core (= 0.0.1)
    - OrderedSet (~> 5.0)
  - flutter_inappwebview/Core (0.0.1):
    - Flutter
    - OrderedSet (~> 5.0)
  - flutter_share_me (0.0.1):
    - FBSDKCoreKit (~> 14.0.0)
    - FBSDKLoginKit (~> 14.0.0)
    - FBSDKShareKit (~> 14.0.0)
    - Flutter
  - fluttertoast (0.0.2):
    - Flutter
    - Toast
  - google_maps_flutter_ios (0.0.1):
    - Flutter
    - GoogleMaps (< 9.0, >= 8.4)
  - GoogleMaps (8.4.0):
    - GoogleMaps/Maps (= 8.4.0)
  - GoogleMaps/Base (8.4.0)
  - GoogleMaps/Maps (8.4.0):
    - GoogleMaps/Base
  - maps_launcher (0.0.1):
    - Flutter
  - OrderedSet (5.0.0)
  - path_provider_foundation (0.0.1):
    - Flutter
    - FlutterMacOS
  - permission_handler_apple (9.3.0):
    - Flutter
  - shared_preferences_foundation (0.0.1):
    - Flutter
    - FlutterMacOS
  - sqflite (0.0.3):
    - Flutter
    - FlutterMacOS
  - Toast (4.1.1)
  - uni_links (0.0.1):
    - Flutter
  - url_launcher_ios (0.0.1):
    - Flutter
  - video_player_avfoundation (0.0.1):
    - Flutter
    - FlutterMacOS
  - webview_flutter_wkwebview (0.0.1):
    - Flutter

DEPENDENCIES:
  - external_app_launcher (from `.symlinks/plugins/external_app_launcher/ios`)
  - Flutter (from `Flutter`)
  - flutter_inappwebview (from `.symlinks/plugins/flutter_inappwebview/ios`)
  - flutter_share_me (from `.symlinks/plugins/flutter_share_me/ios`)
  - fluttertoast (from `.symlinks/plugins/fluttertoast/ios`)
  - google_maps_flutter_ios (from `.symlinks/plugins/google_maps_flutter_ios/ios`)
  - maps_launcher (from `.symlinks/plugins/maps_launcher/ios`)
  - path_provider_foundation (from `.symlinks/plugins/path_provider_foundation/darwin`)
  - permission_handler_apple (from `.symlinks/plugins/permission_handler_apple/ios`)
  - shared_preferences_foundation (from `.symlinks/plugins/shared_preferences_foundation/darwin`)
  - sqflite (from `.symlinks/plugins/sqflite/darwin`)
  - uni_links (from `.symlinks/plugins/uni_links/ios`)
  - url_launcher_ios (from `.symlinks/plugins/url_launcher_ios/ios`)
  - video_player_avfoundation (from `.symlinks/plugins/video_player_avfoundation/darwin`)
  - webview_flutter_wkwebview (from `.symlinks/plugins/webview_flutter_wkwebview/ios`)

SPEC REPOS:
  trunk:
    - FBAEMKit
    - FBSDKCoreKit
    - FBSDKCoreKit_Basics
    - FBSDKLoginKit
    - FBSDKShareKit
    - GoogleMaps
    - OrderedSet
    - Toast

EXTERNAL SOURCES:
  external_app_launcher:
    :path: ".symlinks/plugins/external_app_launcher/ios"
  Flutter:
    :path: Flutter
  flutter_inappwebview:
    :path: ".symlinks/plugins/flutter_inappwebview/ios"
  flutter_share_me:
    :path: ".symlinks/plugins/flutter_share_me/ios"
  fluttertoast:
    :path: ".symlinks/plugins/fluttertoast/ios"
  google_maps_flutter_ios:
    :path: ".symlinks/plugins/google_maps_flutter_ios/ios"
  maps_launcher:
    :path: ".symlinks/plugins/maps_launcher/ios"
  path_provider_foundation:
    :path: ".symlinks/plugins/path_provider_foundation/darwin"
  permission_handler_apple:
    :path: ".symlinks/plugins/permission_handler_apple/ios"
  shared_preferences_foundation:
    :path: ".symlinks/plugins/shared_preferences_foundation/darwin"
  sqflite:
    :path: ".symlinks/plugins/sqflite/darwin"
  uni_links:
    :path: ".symlinks/plugins/uni_links/ios"
  url_launcher_ios:
    :path: ".symlinks/plugins/url_launcher_ios/ios"
  video_player_avfoundation:
    :path: ".symlinks/plugins/video_player_avfoundation/darwin"
  webview_flutter_wkwebview:
    :path: ".symlinks/plugins/webview_flutter_wkwebview/ios"

SPEC CHECKSUMS:
  external_app_launcher: ad55ac844aa21f2d2197d7cec58ff0d0dc40bbc0
  FBAEMKit: d00064597439e75885c70d9adbcb5f3e9ad84f5d
  FBSDKCoreKit: e5d3acfffe5063a9d0b967ba2ad1f5afc460cf43
  FBSDKCoreKit_Basics: 1ff46a12e80f0b66e6c00e1ef32d6a5b5b9008a5
  FBSDKLoginKit: dbe86ef42ab142f3bd0f1c904a21bb33f31c5569
  FBSDKShareKit: 2f6a6a1445cc1b8ea0f733e60d02d2f7c4ebf8be
  Flutter: e0871f40cf51350855a761d2e70bf5af5b9b5de7
  flutter_inappwebview: 3d32228f1304635e7c028b0d4252937730bbc6cf
  flutter_share_me: 1fb559741e0dff56a9d2bdeaf4d966b0b47449ae
  fluttertoast: 9f2f8e81bb5ce18facb9748d7855bf5a756fe3db
  google_maps_flutter_ios: c454f18e0e22df6ac0e9f2a4df340858f5a3680c
  GoogleMaps: 8939898920281c649150e0af74aa291c60f2e77d
  maps_launcher: 2e5b6a2d664ec6c27f82ffa81b74228d770ab203
  OrderedSet: aaeb196f7fef5a9edf55d89760da9176ad40b93c
  path_provider_foundation: 2b6b4c569c0fb62ec74538f866245ac84301af46
  permission_handler_apple: 9878588469a2b0d0fc1e048d9f43605f92e6cec2
  shared_preferences_foundation: fcdcbc04712aee1108ac7fda236f363274528f78
  sqflite: 673a0e54cc04b7d6dba8d24fb8095b31c3a99eec
  Toast: 1f5ea13423a1e6674c4abdac5be53587ae481c4e
  uni_links: d97da20c7701486ba192624d99bffaaffcfc298a
  url_launcher_ios: 5334b05cef931de560670eeae103fd3e431ac3fe
  video_player_avfoundation: 7c6c11d8470e1675df7397027218274b6d2360b3
  webview_flutter_wkwebview: b7e70ef1ddded7e69c796c7390ee74180182971f

PODFILE CHECKSUM: acbbe06a00d9ec2c8a75d81c122c22c94f1613ba

COCOAPODS: 1.15.0
